
Microsoft Visual Studio Solution File, Format Version 12.00
# Visual Studio Version 16
VisualStudioVersion = 16.0.29613.14
MinimumVisualStudioVersion = 10.0.40219.1
Project("{FAE04EC0-301F-11D3-BF4B-00C04F79EFBC}") = "Teste", "Teste\Teste.csproj", "{11D6C849-0DC1-446A-82F1-7391DB30DC21}"
EndProject
Global
	GlobalSection(SolutionConfigurationPlatforms) = preSolution
		Debug|Any CPU = Debug|Any CPU
		Release|Any CPU = Release|Any CPU
	EndGlobalSection
	GlobalSection(ProjectConfigurationPlatforms) = postSolution
		{11D6C849-0DC1-446A-82F1-7391DB30DC21}.Debug|Any CPU.ActiveCfg = Debug|Any CPU
		{11D6C849-0DC1-446A-82F1-7391DB30DC21}.Debug|Any CPU.Build.0 = Debug|Any CPU
		{11D6C849-0DC1-446A-82F1-7391DB30DC21}.Release|Any CPU.ActiveCfg = Release|Any CPU
		{11D6C849-0DC1-446A-82F1-7391DB30DC21}.Release|Any CPU.Build.0 = Release|Any CPU
	EndGlobalSection
	GlobalSection(SolutionProperties) = preSolution
		HideSolutionNode = FALSE
	EndGlobalSection
	GlobalSection(ExtensibilityGlobals) = postSolution
		SolutionGuid = {66FE619F-BF63-4927-801A-DDE6ED3E50BC}
	EndGlobalSection
EndGlobal
